
Microsoft Visual Studio Solution File, Format Version 12.00
# Visual Studio 14
VisualStudioVersion = 14.0.24720.0
MinimumVisualStudioVersion = 10.0.40219.1
Project("{FAE04EC0-301F-11D3-BF4B-00C04F79EFBC}") = "EventDrivenExample", "EventDrivenExample\EventDrivenExample.csproj", "{0A8626D9-F9BD-43CB-AD3A-62E04DE85E95}"
EndProject
Project("{FAE04EC0-301F-11D3-BF4B-00C04F79EFBC}") = "ReactiveXExample", "ReactiveXExample\ReactiveXExample.csproj", "{1FC7A5F8-5DAD-47AD-AF95-B57A4375C639}"
EndProject
Global
	GlobalSection(SolutionConfigurationPlatforms) = preSolution
		Debug|Any CPU = Debug|Any CPU
		Release|Any CPU = Release|Any CPU
	EndGlobalSection
	GlobalSection(ProjectConfigurationPlatforms) = postSolution
		{0A8626D9-F9BD-43CB-AD3A-62E04DE85E95}.Debug|Any CPU.ActiveCfg = Debug|Any CPU
		{0A8626D9-F9BD-43CB-AD3A-62E04DE85E95}.Debug|Any CPU.Build.0 = Debug|Any CPU
		{0A8626D9-F9BD-43CB-AD3A-62E04DE85E95}.Release|Any CPU.ActiveCfg = Release|Any CPU
		{0A8626D9-F9BD-43CB-AD3A-62E04DE85E95}.Release|Any CPU.Build.0 = Release|Any CPU
		{1FC7A5F8-5DAD-47AD-AF95-B57A4375C639}.Debug|Any CPU.ActiveCfg = Debug|Any CPU
		{1FC7A5F8-5DAD-47AD-AF95-B57A4375C639}.Debug|Any CPU.Build.0 = Debug|Any CPU
		{1FC7A5F8-5DAD-47AD-AF95-B57A4375C639}.Release|Any CPU.ActiveCfg = Release|Any CPU
		{1FC7A5F8-5DAD-47AD-AF95-B57A4375C639}.Release|Any CPU.Build.0 = Release|Any CPU
	EndGlobalSection
	GlobalSection(SolutionProperties) = preSolution
		HideSolutionNode = FALSE
	EndGlobalSection
EndGlobal
